
Microsoft Visual Studio Solution File, Format Version 12.00
# Visual Studio Express 2012 for Windows Desktop
Project("{FAE04EC0-301F-11D3-BF4B-00C04F79EFBC}") = "Chunking", "Chunking\Chunking.csproj", "{16F9DD90-466C-4ECD-A857-049979CF6316}"
EndProject
Project("{FAE04EC0-301F-11D3-BF4B-00C04F79EFBC}") = "ChunkingTests", "ChunkingTests\ChunkingTests.csproj", "{3E628921-DE54-49AB-B1B3-FDA978411273}"
EndProject
Global
	GlobalSection(SolutionConfigurationPlatforms) = preSolution
		Debug|Any CPU = Debug|Any CPU
		Release|Any CPU = Release|Any CPU
	EndGlobalSection
	GlobalSection(ProjectConfigurationPlatforms) = postSolution
		{16F9DD90-466C-4ECD-A857-049979CF6316}.Debug|Any CPU.ActiveCfg = Debug|Any CPU
		{16F9DD90-466C-4ECD-A857-049979CF6316}.Debug|Any CPU.Build.0 = Debug|Any CPU
		{16F9DD90-466C-4ECD-A857-049979CF6316}.Release|Any CPU.ActiveCfg = Release|Any CPU
		{16F9DD90-466C-4ECD-A857-049979CF6316}.Release|Any CPU.Build.0 = Release|Any CPU
		{3E628921-DE54-49AB-B1B3-FDA978411273}.Debug|Any CPU.ActiveCfg = Debug|Any CPU
		{3E628921-DE54-49AB-B1B3-FDA978411273}.Debug|Any CPU.Build.0 = Debug|Any CPU
		{3E628921-DE54-49AB-B1B3-FDA978411273}.Release|Any CPU.ActiveCfg = Release|Any CPU
		{3E628921-DE54-49AB-B1B3-FDA978411273}.Release|Any CPU.Build.0 = Release|Any CPU
	EndGlobalSection
	GlobalSection(SolutionProperties) = preSolution
		HideSolutionNode = FALSE
	EndGlobalSection
EndGlobal
